
Microsoft Visual Studio Solution File, Format Version 12.00
# Visual Studio Version 17
VisualStudioVersion = 17.11.35327.3
MinimumVisualStudioVersion = 10.0.40219.1
Project("{9A19103F-16F7-4668-BE54-9A1E7A4F7556}") = "CustomWhiteout", "CustomWhiteout.csproj", "{81FBC479-AFE9-4C90-BA6F-0AB96770B9F5}"
EndProject
Global
	GlobalSection(SolutionConfigurationPlatforms) = preSolution
		Debug|Any CPU = Debug|Any CPU
		Release|Any CPU = Release|Any CPU
	EndGlobalSection
	GlobalSection(ProjectConfigurationPlatforms) = postSolution
		{81FBC479-AFE9-4C90-BA6F-0AB96770B9F5}.Debug|Any CPU.ActiveCfg = Debug|Any CPU
		{81FBC479-AFE9-4C90-BA6F-0AB96770B9F5}.Debug|Any CPU.Build.0 = Debug|Any CPU
		{81FBC479-AFE9-4C90-BA6F-0AB96770B9F5}.Release|Any CPU.ActiveCfg = Release|Any CPU
		{81FBC479-AFE9-4C90-BA6F-0AB96770B9F5}.Release|Any CPU.Build.0 = Release|Any CPU
	EndGlobalSection
	GlobalSection(SolutionProperties) = preSolution
		HideSolutionNode = FALSE
	EndGlobalSection
	GlobalSection(ExtensibilityGlobals) = postSolution
		SolutionGuid = {8EBD1816-F38D-4869-81EB-082A969623DB}
	EndGlobalSection
EndGlobal
